
Microsoft Visual Studio Solution File, Format Version 12.00
# Visual Studio Version 17
VisualStudioVersion = 17.8.34511.84
MinimumVisualStudioVersion = 10.0.40219.1
Project("{FAE04EC0-301F-11D3-BF4B-00C04F79EFBC}") = "HtmlToPDF_Conversion", "HtmlToPDF_Conversion.csproj", "{15B81FCF-A89B-41AB-BDCF-FEACBDA1CCD7}"
EndProject
Global
	GlobalSection(SolutionConfigurationPlatforms) = preSolution
		Debug|Any CPU = Debug|Any CPU
		Release|Any CPU = Release|Any CPU
	EndGlobalSection
	GlobalSection(ProjectConfigurationPlatforms) = postSolution
		{15B81FCF-A89B-41AB-BDCF-FEACBDA1CCD7}.Debug|Any CPU.ActiveCfg = Debug|Any CPU
		{15B81FCF-A89B-41AB-BDCF-FEACBDA1CCD7}.Debug|Any CPU.Build.0 = Debug|Any CPU
		{15B81FCF-A89B-41AB-BDCF-FEACBDA1CCD7}.Release|Any CPU.ActiveCfg = Release|Any CPU
		{15B81FCF-A89B-41AB-BDCF-FEACBDA1CCD7}.Release|Any CPU.Build.0 = Release|Any CPU
	EndGlobalSection
	GlobalSection(SolutionProperties) = preSolution
		HideSolutionNode = FALSE
	EndGlobalSection
	GlobalSection(ExtensibilityGlobals) = postSolution
		SolutionGuid = {85C311DC-24B4-4CFC-85AA-3D6BA83FA388}
	EndGlobalSection
EndGlobal
